
Microsoft Visual Studio Solution File, Format Version 12.00
# Visual Studio Version 16
VisualStudioVersion = 16.0.810.16
MinimumVisualStudioVersion = 10.0.40219.1
Project("{FAE04EC0-301F-11D3-BF4B-00C04F79EFBC}") = "EmployeeAPI", "EmployeeAPI\EmployeeAPI.csproj", "{D3A097CC-53BE-463D-9DD5-BD014C88C3C7}"
EndProject
Project("{FAE04EC0-301F-11D3-BF4B-00C04F79EFBC}") = "EmployeeApi.Shared", "EmployeeAPI.Shared\EmployeeApi.Shared.csproj", "{BBD55D6D-75FF-4908-8733-368360642B39}"
EndProject
Project("{FAE04EC0-301F-11D3-BF4B-00C04F79EFBC}") = "EmployeeConsoleApp", "EmployeeConsoleApp\EmployeeConsoleApp.csproj", "{8971B46D-042D-4F41-AA2A-7936E3A573CB}"
EndProject
Global
	GlobalSection(SolutionConfigurationPlatforms) = preSolution
		Debug|Any CPU = Debug|Any CPU
		Release|Any CPU = Release|Any CPU
	EndGlobalSection
	GlobalSection(ProjectConfigurationPlatforms) = postSolution
		{D3A097CC-53BE-463D-9DD5-BD014C88C3C7}.Debug|Any CPU.ActiveCfg = Debug|Any CPU
		{D3A097CC-53BE-463D-9DD5-BD014C88C3C7}.Debug|Any CPU.Build.0 = Debug|Any CPU
		{D3A097CC-53BE-463D-9DD5-BD014C88C3C7}.Release|Any CPU.ActiveCfg = Release|Any CPU
		{D3A097CC-53BE-463D-9DD5-BD014C88C3C7}.Release|Any CPU.Build.0 = Release|Any CPU
		{BBD55D6D-75FF-4908-8733-368360642B39}.Debug|Any CPU.ActiveCfg = Debug|Any CPU
		{BBD55D6D-75FF-4908-8733-368360642B39}.Debug|Any CPU.Build.0 = Debug|Any CPU
		{BBD55D6D-75FF-4908-8733-368360642B39}.Release|Any CPU.ActiveCfg = Release|Any CPU
		{BBD55D6D-75FF-4908-8733-368360642B39}.Release|Any CPU.Build.0 = Release|Any CPU
		{8971B46D-042D-4F41-AA2A-7936E3A573CB}.Debug|Any CPU.ActiveCfg = Debug|Any CPU
		{8971B46D-042D-4F41-AA2A-7936E3A573CB}.Debug|Any CPU.Build.0 = Debug|Any CPU
		{8971B46D-042D-4F41-AA2A-7936E3A573CB}.Release|Any CPU.ActiveCfg = Release|Any CPU
		{8971B46D-042D-4F41-AA2A-7936E3A573CB}.Release|Any CPU.Build.0 = Release|Any CPU
	EndGlobalSection
	GlobalSection(SolutionProperties) = preSolution
		HideSolutionNode = FALSE
	EndGlobalSection
	GlobalSection(ExtensibilityGlobals) = postSolution
		SolutionGuid = {958E842B-D814-4D7B-8093-BE95CB4575C8}
	EndGlobalSection
EndGlobal
